# This file is autogenerated, do not edit; changes may be undone by the next 'dep ensure'.


[[projects]]
  branch = "master"
  digest = "1:1e461a804fd370a051999c0e046d344c430af4aadb8cf0c3fdc2093d11ea6344"
  name = "github.com/cznic/mathutil"
  packages = ["."]
  pruneopts = "UT"
  revision = "297441e035482346a960053c9ea29669b13e1025"

[[projects]]
  digest = "1:d5f97fc268267ec1b61c3453058c738246fc3e746f14b1ae25161513b7367b0c"
  name = "github.com/gorilla/mux"
  packages = ["."]
  pruneopts = "UT"
  revision = "c5c6c98bc25355028a63748a498942a6398ccd22"
  version = "v1.7.1"

[[projects]]
  digest = "1:6c41d4f998a03b6604227ccad36edaed6126c397e5d78709ef4814a1145a6757"
  name = "github.com/jmoiron/sqlx"
  packages = [
    ".",
    "reflectx",
  ]
  pruneopts = "UT"
  revision = "d161d7a76b5661016ad0b085869f77fd410f3e6a"
  version = "v1.2.0"

[[projects]]
  branch = "master"
  digest = "1:f433da6fbabb0bd1bd730fd340782015c644123d02eb78c20c69ce03352daad1"
  name = "github.com/kardianos/osext"
  packages = ["."]
  pruneopts = "UT"
  revision = "2bc1f35cddc0cc527b4bc3dce8578fc2a6c11384"

[[projects]]
  branch = "master"
  digest = "1:7bb35d2c1f8ee46d20c9bd05dd77282975bf2e1e2097ad3ad1152e4b57b6fe1b"
  name = "github.com/nakagami/firebirdsql"
  packages = ["."]
  pruneopts = "UT"
  revision = "3c02a58cfed8c5b191d653309705042fcd6c4f9c"

[[projects]]
  branch = "master"
  digest = "1:d78e226d25cc2f176d7603b5006e93f6c8f1385fa464e2d8e652c25b65906f56"
  name = "github.com/remyoudompheng/bigfft"
  packages = ["."]
  pruneopts = "UT"
  revision = "2f0d2b0e0001de06353cbb0b73aa00072ecf879a"

[[projects]]
  digest = "1:81e02c4edb639c80559c0650f9401d3e2dcc3256d1fa215382bb7c83c1db9126"
  name = "github.com/shopspring/decimal"
  packages = ["."]
  pruneopts = "UT"
  revision = "cd690d0c9e2447b1ef2a129a6b7b49077da89b8e"
  version = "1.1.0"

[[projects]]
  branch = "master"
  digest = "1:4a2a0e0dcd6b00f8bd6ed74a206ed64b1d6a99c081a8ec5a61dd4942e2efbd21"
  name = "gitlab.com/nyarla/go-crypt"
  packages = ["."]
  pruneopts = "UT"
  revision = "d9a5dc2b789bc330075d4b805d9b7c971f2865a1"

[solve-meta]
  analyzer-name = "dep"
  analyzer-version = 1
  input-imports = [
    "github.com/gorilla/mux",
    "github.com/jmoiron/sqlx",
    "github.com/nakagami/firebirdsql",
  ]
  solver-name = "gps-cdcl"
  solver-version = 1
